PODS:
  - Alamofire (4.7.1)
  - Kingfisher (4.0.0)
  - SVProgressHUD (2.2.1)

DEPENDENCIES:
  - Alamofire (~> 4.7)
  - Kingfisher (= 4.0)
  - SVProgressHUD (= 2.2.1)

SPEC REPOS:
  https://github.com/CocoaPods/Specs.git:
    - Alamofire
    - Kingfisher
    - SVProgressHUD

SPEC CHECKSUMS:
  Alamofire: 68d7d521118d49c615a8d2214d87cdf525599d30
  Kingfisher: 5cd55fa124d1e731f1d4b04b02832e0e0432d1a9
  SVProgressHUD: db27c54e6e18bc903341661fc9feb55e04905cc4

PODFILE CHECKSUM: 69939b116dd02896ef04a03494f6cddd5d877088

COCOAPODS: 1.5.0
